
Microsoft Visual Studio Solution File, Format Version 12.00
# Visual Studio Version 16
VisualStudioVersion = 16.0.30804.86
MinimumVisualStudioVersion = 10.0.40219.1
Project("{FAE04EC0-301F-11D3-BF4B-00C04F79EFBC}") = "TestDrivenAssignment", "TestDrivenAssignment.csproj", "{C690149E-B850-43D8-9694-251D42CAC44D}"
EndProject
Project("{FAE04EC0-301F-11D3-BF4B-00C04F79EFBC}") = "UnitTests", "..\UnitTests\UnitTests.csproj", "{347F1121-7C2A-468A-BC52-F3F1DC230DC1}"
EndProject
Global
	GlobalSection(SolutionConfigurationPlatforms) = preSolution
		Debug|Any CPU = Debug|Any CPU
		Release|Any CPU = Release|Any CPU
	EndGlobalSection
	GlobalSection(ProjectConfigurationPlatforms) = postSolution
		{C690149E-B850-43D8-9694-251D42CAC44D}.Debug|Any CPU.ActiveCfg = Debug|Any CPU
		{C690149E-B850-43D8-9694-251D42CAC44D}.Debug|Any CPU.Build.0 = Debug|Any CPU
		{C690149E-B850-43D8-9694-251D42CAC44D}.Release|Any CPU.ActiveCfg = Release|Any CPU
		{C690149E-B850-43D8-9694-251D42CAC44D}.Release|Any CPU.Build.0 = Release|Any CPU
		{347F1121-7C2A-468A-BC52-F3F1DC230DC1}.Debug|Any CPU.ActiveCfg = Debug|Any CPU
		{347F1121-7C2A-468A-BC52-F3F1DC230DC1}.Debug|Any CPU.Build.0 = Debug|Any CPU
		{347F1121-7C2A-468A-BC52-F3F1DC230DC1}.Release|Any CPU.ActiveCfg = Release|Any CPU
		{347F1121-7C2A-468A-BC52-F3F1DC230DC1}.Release|Any CPU.Build.0 = Release|Any CPU
	EndGlobalSection
	GlobalSection(SolutionProperties) = preSolution
		HideSolutionNode = FALSE
	EndGlobalSection
	GlobalSection(ExtensibilityGlobals) = postSolution
		SolutionGuid = {1A4D68E9-4EC0-44C3-BB16-21CFE751920D}
	EndGlobalSection
EndGlobal
